
Microsoft Visual Studio Solution File, Format Version 12.00
# Visual Studio Version 17
VisualStudioVersion = 17.1.32210.238
MinimumVisualStudioVersion = 10.0.40219.1
Project("{FAE04EC0-301F-11D3-BF4B-00C04F79EFBC}") = "27.01.2022", "27.01.2022\27.01.2022.csproj", "{9DB650E7-E41E-4EE8-A908-B967B8CBF928}"
EndProject
Project("{FAE04EC0-301F-11D3-BF4B-00C04F79EFBC}") = "LibraryRentOfEquipment", "LibraryRentOfEquipment\LibraryRentOfEquipment.csproj", "{B4498735-16AD-46DC-A880-72A9AF5C9697}"
EndProject
Project("{FAE04EC0-301F-11D3-BF4B-00C04F79EFBC}") = "UnitTestProject1", "UnitTestProject1\UnitTestProject1.csproj", "{06B5E342-7FBF-4957-B8A8-C45F0EB6A15A}"
EndProject
Global
	GlobalSection(SolutionConfigurationPlatforms) = preSolution
		Debug|Any CPU = Debug|Any CPU
		Release|Any CPU = Release|Any CPU
	EndGlobalSection
	GlobalSection(ProjectConfigurationPlatforms) = postSolution
		{9DB650E7-E41E-4EE8-A908-B967B8CBF928}.Debug|Any CPU.ActiveCfg = Debug|Any CPU
		{9DB650E7-E41E-4EE8-A908-B967B8CBF928}.Debug|Any CPU.Build.0 = Debug|Any CPU
		{9DB650E7-E41E-4EE8-A908-B967B8CBF928}.Release|Any CPU.ActiveCfg = Release|Any CPU
		{9DB650E7-E41E-4EE8-A908-B967B8CBF928}.Release|Any CPU.Build.0 = Release|Any CPU
		{B4498735-16AD-46DC-A880-72A9AF5C9697}.Debug|Any CPU.ActiveCfg = Debug|Any CPU
		{B4498735-16AD-46DC-A880-72A9AF5C9697}.Debug|Any CPU.Build.0 = Debug|Any CPU
		{B4498735-16AD-46DC-A880-72A9AF5C9697}.Release|Any CPU.ActiveCfg = Release|Any CPU
		{B4498735-16AD-46DC-A880-72A9AF5C9697}.Release|Any CPU.Build.0 = Release|Any CPU
		{06B5E342-7FBF-4957-B8A8-C45F0EB6A15A}.Debug|Any CPU.ActiveCfg = Debug|Any CPU
		{06B5E342-7FBF-4957-B8A8-C45F0EB6A15A}.Debug|Any CPU.Build.0 = Debug|Any CPU
		{06B5E342-7FBF-4957-B8A8-C45F0EB6A15A}.Release|Any CPU.ActiveCfg = Release|Any CPU
		{06B5E342-7FBF-4957-B8A8-C45F0EB6A15A}.Release|Any CPU.Build.0 = Release|Any CPU
	EndGlobalSection
	GlobalSection(SolutionProperties) = preSolution
		HideSolutionNode = FALSE
	EndGlobalSection
	GlobalSection(ExtensibilityGlobals) = postSolution
		SolutionGuid = {280BEA85-D406-4874-87B5-D3413CD44B6A}
	EndGlobalSection
EndGlobal
